// !$*UTF8*$!
{
	archiveVersion = 1;
	classes = {
	};
	objectVersion = 55;
	objects = {

/* Begin PBXBuildFile section */
		297DEADB27BA725E00EC8BB9 /* AppDelegate.swift in Sources */ = {isa = PBXBuildFile; fileRef = 297DEADA27BA725E00EC8BB9 /* AppDelegate.swift */; };
		297DEADD27BA725E00EC8BB9 /* ViewController.swift in Sources */ = {isa = PBXBuildFile; fileRef = 297DEADC27BA725E00EC8BB9 /* ViewController.swift */; };
		297DEADF27BA726000EC8BB9 /* Assets.xcassets in Resources */ = {isa = PBXBuildFile; fileRef = 297DEADE27BA726000EC8BB9 /* Assets.xcassets */; };
		297DEAE227BA726000EC8BB9 /* Main.storyboard in Resources */ = {isa = PBXBuildFile; fileRef = 297DEAE027BA726000EC8BB9 /* Main.storyboard */; };
		297DEAED27BA726000EC8BB9 /* Metal_03Tests.swift in Sources */ = {isa = PBXBuildFile; fileRef = 297DEAEC27BA726000EC8BB9 /* Metal_03Tests.swift */; };
		297DEAF727BA726000EC8BB9 /* Metal_03UITests.swift in Sources */ = {isa = PBXBuildFile; fileRef = 297DEAF627BA726000EC8BB9 /* Metal_03UITests.swift */; };
		297DEAF927BA726000EC8BB9 /* Metal_03UITestsLaunchTests.swift in Sources */ = {isa = PBXBuildFile; fileRef = 297DEAF827BA726000EC8BB9 /* Metal_03UITestsLaunchTests.swift */; };
		297DEB0727BA727600EC8BB9 /* MetalView.swift in Sources */ = {isa = PBXBuildFile; fileRef = 297DEB0527BA727600EC8BB9 /* MetalView.swift */; };
		297DEB0827BA727600EC8BB9 /* Shaders.metal in Sources */ = {isa = PBXBuildFile; fileRef = 297DEB0627BA727600EC8BB9 /* Shaders.metal */; };
/* End PBXBuildFile section */

/* Begin PBXContainerItemProxy section */
		297DEAE927BA726000EC8BB9 /* PBXContainerItemProxy */ = {
			isa = PBXContainerItemProxy;
			containerPortal = 297DEACF27BA725E00EC8BB9 /* Project object */;
			proxyType = 1;
			remoteGlobalIDString = 297DEAD627BA725E00EC8BB9;
			remoteInfo = Metal_03;
		};
		297DEAF327BA726000EC8BB9 /* PBXContainerItemProxy */ = {
			isa = PBXContainerItemProxy;
			containerPortal = 297DEACF27BA725E00EC8BB9 /* Project object */;
			proxyType = 1;
			remoteGlobalIDString = 297DEAD627BA725E00EC8BB9;
			remoteInfo = Metal_03;
		};
/* End PBXContainerItemProxy section */

/* Begin PBXFileReference section */
		297DEAD727BA725E00EC8BB9 /* Metal_03.app */ = {isa = PBXFileReference; explicitFileType = wrapper.application; includeInIndex = 0; path = Metal_03.app; sourceTree = BUILT_PRODUCTS_DIR; };
		297DEADA27BA725E00EC8BB9 /* AppDelegate.swift */ = {isa = PBXFileReference; lastKnownFileType = sourcecode.swift; path = AppDelegate.swift; sourceTree = "<group>"; };
		297DEADC27BA725E00EC8BB9 /* ViewController.swift */ = {isa = PBXFileReference; lastKnownFileType = sourcecode.swift; path = ViewController.swift; sourceTree = "<group>"; };
		297DEADE27BA726000EC8BB9 /* Assets.xcassets */ = {isa = PBXFileReference; lastKnownFileType = folder.assetcatalog; path = Assets.xcassets; sourceTree = "<group>"; };
		297DEAE127BA726000EC8BB9 /* Base */ = {isa = PBXFileReference; lastKnownFileType = file.storyboard; name = Base; path = Base.lproj/Main.storyboard; sourceTree = "<group>"; };
		297DEAE327BA726000EC8BB9 /* Metal_03.entitlements */ = {isa = PBXFileReference; lastKnownFileType = text.plist.entitlements; path = Metal_03.entitlements; sourceTree = "<group>"; };
		297DEAE827BA726000EC8BB9 /* Metal_03Tests.xctest */ = {isa = PBXFileReference; explicitFileType = wrapper.cfbundle; includeInIndex = 0; path = Metal_03Tests.xctest; sourceTree = BUILT_PRODUCTS_DIR; };
		297DEAEC27BA726000EC8BB9 /* Metal_03Tests.swift */ = {isa = PBXFileReference; lastKnownFileType = sourcecode.swift; path = Metal_03Tests.swift; sourceTree = "<group>"; };
		297DEAF227BA726000EC8BB9 /* Metal_03UITests.xctest */ = {isa = PBXFileReference; explicitFileType = wrapper.cfbundle; includeInIndex = 0; path = Metal_03UITests.xctest; sourceTree = BUILT_PRODUCTS_DIR; };
		297DEAF627BA726000EC8BB9 /* Metal_03UITests.swift */ = {isa = PBXFileReference; lastKnownFileType = sourcecode.swift; path = Metal_03UITests.swift; sourceTree = "<group>"; };
		297DEAF827BA726000EC8BB9 /* Metal_03UITestsLaunchTests.swift */ = {isa = PBXFileReference; lastKnownFileType = sourcecode.swift; path = Metal_03UITestsLaunchTests.swift; sourceTree = "<group>"; };
		297DEB0527BA727600EC8BB9 /* MetalView.swift */ = {isa = PBXFileReference; fileEncoding = 4; lastKnownFileType = sourcecode.swift; path = MetalView.swift; sourceTree = "<group>"; };
		297DEB0627BA727600EC8BB9 /* Shaders.metal */ = {isa = PBXFileReference; fileEncoding = 4; lastKnownFileType = sourcecode.metal; path = Shaders.metal; sourceTree = "<group>"; };
/* End PBXFileReference section */

/* Begin PBXFrameworksBuildPhase section */
		297DEAD427BA725E00EC8BB9 /* Frameworks */ = {
			isa = PBXFrameworksBuildPhase;
			buildActionMask = 2147483647;
			files = (
			);
			runOnlyForDeploymentPostprocessing = 0;
		};
		297DEAE527BA726000EC8BB9 /* Frameworks */ = {
			isa = PBXFrameworksBuildPhase;
			buildActionMask = 2147483647;
			files = (
			);
			runOnlyForDeploymentPostprocessing = 0;
		};
		297DEAEF27BA726000EC8BB9 /* Frameworks */ = {
			isa = PBXFrameworksBuildPhase;
			buildActionMask = 2147483647;
			files = (
			);
			runOnlyForDeploymentPostprocessing = 0;
		};
/* End PBXFrameworksBuildPhase section */

/* Begin PBXGroup section */
		297DEACE27BA725E00EC8BB9 = {
			isa = PBXGroup;
			children = (
				297DEAD927BA725E00EC8BB9 /* Metal_03 */,
				297DEAEB27BA726000EC8BB9 /* Metal_03Tests */,
				297DEAF527BA726000EC8BB9 /* Metal_03UITests */,
				297DEAD827BA725E00EC8BB9 /* Products */,
			);
			sourceTree = "<group>";
		};
		297DEAD827BA725E00EC8BB9 /* Products */ = {
			isa = PBXGroup;
			children = (
				297DEAD727BA725E00EC8BB9 /* Metal_03.app */,
				297DEAE827BA726000EC8BB9 /* Metal_03Tests.xctest */,
				297DEAF227BA726000EC8BB9 /* Metal_03UITests.xctest */,
			);
			name = Products;
			sourceTree = "<group>";
		};
		297DEAD927BA725E00EC8BB9 /* Metal_03 */ = {
			isa = PBXGroup;
			children = (
				297DEB0527BA727600EC8BB9 /* MetalView.swift */,
				297DEB0627BA727600EC8BB9 /* Shaders.metal */,
				297DEADA27BA725E00EC8BB9 /* AppDelegate.swift */,
				297DEADC27BA725E00EC8BB9 /* ViewController.swift */,
				297DEADE27BA726000EC8BB9 /* Assets.xcassets */,
				297DEAE027BA726000EC8BB9 /* Main.storyboard */,
				297DEAE327BA726000EC8BB9 /* Metal_03.entitlements */,
			);
			path = Metal_03;
			sourceTree = "<group>";
		};
		297DEAEB27BA726000EC8BB9 /* Metal_03Tests */ = {
			isa = PBXGroup;
			children = (
				297DEAEC27BA726000EC8BB9 /* Metal_03Tests.swift */,
			);
			path = Metal_03Tests;
			sourceTree = "<group>";
		};
		297DEAF527BA726000EC8BB9 /* Metal_03UITests */ = {
			isa = PBXGroup;
			children = (
				297DEAF627BA726000EC8BB9 /* Metal_03UITests.swift */,
				297DEAF827BA726000EC8BB9 /* Metal_03UITestsLaunchTests.swift */,
			);
			path = Metal_03UITests;
			sourceTree = "<group>";
		};
/* End PBXGroup section */

/* Begin PBXNativeTarget section */
		297DEAD627BA725E00EC8BB9 /* Metal_03 */ = {
			isa = PBXNativeTarget;
			buildConfigurationList = 297DEAFC27BA726000EC8BB9 /* Build configuration list for PBXNativeTarget "Metal_03" */;
			buildPhases = (
				297DEAD327BA725E00EC8BB9 /* Sources */,
				297DEAD427BA725E00EC8BB9 /* Frameworks */,
				297DEAD527BA725E00EC8BB9 /* Resources */,
			);
			buildRules = (
			);
			dependencies = (
			);
			name = Metal_03;
			productName = Metal_03;
			productReference = 297DEAD727BA725E00EC8BB9 /* Metal_03.app */;
			productType = "com.apple.product-type.application";
		};
		297DEAE727BA726000EC8BB9 /* Metal_03Tests */ = {
			isa = PBXNativeTarget;
			buildConfigurationList = 297DEAFF27BA726000EC8BB9 /* Build configuration list for PBXNativeTarget "Metal_03Tests" */;
			buildPhases = (
				297DEAE427BA726000EC8BB9 /* Sources */,
				297DEAE527BA726000EC8BB9 /* Frameworks */,
				297DEAE627BA726000EC8BB9 /* Resources */,
			);
			buildRules = (
			);
			dependencies = (
				297DEAEA27BA726000EC8BB9 /* PBXTargetDependency */,
			);
			name = Metal_03Tests;
			productName = Metal_03Tests;
			productReference = 297DEAE827BA726000EC8BB9 /* Metal_03Tests.xctest */;
			productType = "com.apple.product-type.bundle.unit-test";
		};
		297DEAF127BA726000EC8BB9 /* Metal_03UITests */ = {
			isa = PBXNativeTarget;
			buildConfigurationList = 297DEB0227BA726000EC8BB9 /* Build configuration list for PBXNativeTarget "Metal_03UITests" */;
			buildPhases = (
				297DEAEE27BA726000EC8BB9 /* Sources */,
				297DEAEF27BA726000EC8BB9 /* Frameworks */,
				297DEAF027BA726000EC8BB9 /* Resources */,
			);
			buildRules = (
			);
			dependencies = (
				297DEAF427BA726000EC8BB9 /* PBXTargetDependency */,
			);
			name = Metal_03UITests;
			productName = Metal_03UITests;
			productReference = 297DEAF227BA726000EC8BB9 /* Metal_03UITests.xctest */;
			productType = "com.apple.product-type.bundle.ui-testing";
		};
/* End PBXNativeTarget section */

/* Begin PBXProject section */
		297DEACF27BA725E00EC8BB9 /* Project object */ = {
			isa = PBXProject;
			attributes = {
				BuildIndependentTargetsInParallel = 1;
				LastSwiftUpdateCheck = 1320;
				LastUpgradeCheck = 1320;
				TargetAttributes = {
					297DEAD627BA725E00EC8BB9 = {
						CreatedOnToolsVersion = 13.2.1;
					};
					297DEAE727BA726000EC8BB9 = {
						CreatedOnToolsVersion = 13.2.1;
						TestTargetID = 297DEAD627BA725E00EC8BB9;
					};
					297DEAF127BA726000EC8BB9 = {
						CreatedOnToolsVersion = 13.2.1;
						TestTargetID = 297DEAD627BA725E00EC8BB9;
					};
				};
			};
			buildConfigurationList = 297DEAD227BA725E00EC8BB9 /* Build configuration list for PBXProject "Metal_03" */;
			compatibilityVersion = "Xcode 13.0";
			developmentRegion = en;
			hasScannedForEncodings = 0;
			knownRegions = (
				en,
				Base,
			);
			mainGroup = 297DEACE27BA725E00EC8BB9;
			productRefGroup = 297DEAD827BA725E00EC8BB9 /* Products */;
			projectDirPath = "";
			projectRoot = "";
			targets = (
				297DEAD627BA725E00EC8BB9 /* Metal_03 */,
				297DEAE727BA726000EC8BB9 /* Metal_03Tests */,
				297DEAF127BA726000EC8BB9 /* Metal_03UITests */,
			);
		};
/* End PBXProject section */

/* Begin PBXResourcesBuildPhase section */
		297DEAD527BA725E00EC8BB9 /* Resources */ = {
			isa = PBXResourcesBuildPhase;
			buildActionMask = 2147483647;
			files = (
				297DEADF27BA726000EC8BB9 /* Assets.xcassets in Resources */,
				297DEAE227BA726000EC8BB9 /* Main.storyboard in Resources */,
			);
			runOnlyForDeploymentPostprocessing = 0;
		};
		297DEAE627BA726000EC8BB9 /* Resources */ = {
			isa = PBXResourcesBuildPhase;
			buildActionMask = 2147483647;
			files = (
			);
			runOnlyForDeploymentPostprocessing = 0;
		};
		297DEAF027BA726000EC8BB9 /* Resources */ = {
			isa = PBXResourcesBuildPhase;
			buildActionMask = 2147483647;
			files = (
			);
			runOnlyForDeploymentPostprocessing = 0;
		};
/* End PBXResourcesBuildPhase section */

/* Begin PBXSourcesBuildPhase section */
		297DEAD327BA725E00EC8BB9 /* Sources */ = {
			isa = PBXSourcesBuildPhase;
			buildActionMask = 2147483647;
			files = (
				297DEB0827BA727600EC8BB9 /* Shaders.metal in Sources */,
				297DEB0727BA727600EC8BB9 /* MetalView.swift in Sources */,
				297DEADD27BA725E00EC8BB9 /* ViewController.swift in Sources */,
				297DEADB27BA725E00EC8BB9 /* AppDelegate.swift in Sources */,
			);
			runOnlyForDeploymentPostprocessing = 0;
		};
		297DEAE427BA726000EC8BB9 /* Sources */ = {
			isa = PBXSourcesBuildPhase;
			buildActionMask = 2147483647;
			files = (
				297DEAED27BA726000EC8BB9 /* Metal_03Tests.swift in Sources */,
			);
			runOnlyForDeploymentPostprocessing = 0;
		};
		297DEAEE27BA726000EC8BB9 /* Sources */ = {
			isa = PBXSourcesBuildPhase;
			buildActionMask = 2147483647;
			files = (
				297DEAF927BA726000EC8BB9 /* Metal_03UITestsLaunchTests.swift in Sources */,
				297DEAF727BA726000EC8BB9 /* Metal_03UITests.swift in Sources */,
			);
			runOnlyForDeploymentPostprocessing = 0;
		};
/* End PBXSourcesBuildPhase section */

/* Begin PBXTargetDependency section */
		297DEAEA27BA726000EC8BB9 /* PBXTargetDependency */ = {
			isa = PBXTargetDependency;
			target = 297DEAD627BA725E00EC8BB9 /* Metal_03 */;
			targetProxy = 297DEAE927BA726000EC8BB9 /* PBXContainerItemProxy */;
		};
		297DEAF427BA726000EC8BB9 /* PBXTargetDependency */ = {
			isa = PBXTargetDependency;
			target = 297DEAD627BA725E00EC8BB9 /* Metal_03 */;
			targetProxy = 297DEAF327BA726000EC8BB9 /* PBXContainerItemProxy */;
		};
/* End PBXTargetDependency section */

/* Begin PBXVariantGroup section */
		297DEAE027BA726000EC8BB9 /* Main.storyboard */ = {
			isa = PBXVariantGroup;
			children = (
				297DEAE127BA726000EC8BB9 /* Base */,
			);
			name = Main.storyboard;
			sourceTree = "<group>";
		};
/* End PBXVariantGroup section */

/* Begin XCBuildConfiguration section */
		297DEAFA27BA726000EC8BB9 /* Debug */ = {
			isa = XCBuildConfiguration;
			buildSettings = {
				ALWAYS_SEARCH_USER_PATHS = NO;
				CLANG_ANALYZER_NONNULL = YES;
				CLANG_ANALYZER_NUMBER_OBJECT_CONVERSION = YES_AGGRESSIVE;
				CLANG_CXX_LANGUAGE_STANDARD = "gnu++17";
				CLANG_CXX_LIBRARY = "libc++";
				CLANG_ENABLE_MODULES = YES;
				CLANG_ENABLE_OBJC_ARC = YES;
				CLANG_ENABLE_OBJC_WEAK = YES;
				CLANG_WARN_BLOCK_CAPTURE_AUTORELEASING = YES;
				CLANG_WARN_BOOL_CONVERSION = YES;
				CLANG_WARN_COMMA = YES;
				CLANG_WARN_CONSTANT_CONVERSION = YES;
				CLANG_WARN_DEPRECATED_OBJC_IMPLEMENTATIONS = YES;
				CLANG_WARN_DIRECT_OBJC_ISA_USAGE = YES_ERROR;
				CLANG_WARN_DOCUMENTATION_COMMENTS = YES;
				CLANG_WARN_EMPTY_BODY = YES;
				CLANG_WARN_ENUM_CONVERSION = YES;
				CLANG_WARN_INFINITE_RECURSION = YES;
				CLANG_WARN_INT_CONVERSION = YES;
				CLANG_WARN_NON_LITERAL_NULL_CONVERSION = YES;
				CLANG_WARN_OBJC_IMPLICIT_RETAIN_SELF = YES;
				CLANG_WARN_OBJC_LITERAL_CONVERSION = YES;
				CLANG_WARN_OBJC_ROOT_CLASS = YES_ERROR;
				CLANG_WARN_QUOTED_INCLUDE_IN_FRAMEWORK_HEADER = YES;
				CLANG_WARN_RANGE_LOOP_ANALYSIS = YES;
				CLANG_WARN_STRICT_PROTOTYPES = YES;
				CLANG_WARN_SUSPICIOUS_MOVE = YES;
				CLANG_WARN_UNGUARDED_AVAILABILITY = YES_AGGRESSIVE;
				CLANG_WARN_UNREACHABLE_CODE = YES;
				CLANG_WARN__DUPLICATE_METHOD_MATCH = YES;
				COPY_PHASE_STRIP = NO;
				DEBUG_INFORMATION_FORMAT = dwarf;
				ENABLE_STRICT_OBJC_MSGSEND = YES;
				ENABLE_TESTABILITY = YES;
				GCC_C_LANGUAGE_STANDARD = gnu11;
				GCC_DYNAMIC_NO_PIC = NO;
				GCC_NO_COMMON_BLOCKS = YES;
				GCC_OPTIMIZATION_LEVEL = 0;
				GCC_PREPROCESSOR_DEFINITIONS = (
					"DEBUG=1",
					"$(inherited)",
				);
				GCC_WARN_64_TO_32_BIT_CONVERSION = YES;
				GCC_WARN_ABOUT_RETURN_TYPE = YES_ERROR;
				GCC_WARN_UNDECLARED_SELECTOR = YES;
				GCC_WARN_UNINITIALIZED_AUTOS = YES_AGGRESSIVE;
				GCC_WARN_UNUSED_FUNCTION = YES;
				GCC_WARN_UNUSED_VARIABLE = YES;
				MACOSX_DEPLOYMENT_TARGET = 12.1;
				MTL_ENABLE_DEBUG_INFO = INCLUDE_SOURCE;
				MTL_FAST_MATH = YES;
				ONLY_ACTIVE_ARCH = YES;
				SDKROOT = macosx;
				SWIFT_ACTIVE_COMPILATION_CONDITIONS = DEBUG;
				SWIFT_OPTIMIZATION_LEVEL = "-Onone";
			};
			name = Debug;
		};
		297DEAFB27BA726000EC8BB9 /* Release */ = {
			isa = XCBuildConfiguration;
			buildSettings = {
				ALWAYS_SEARCH_USER_PATHS = NO;
				CLANG_ANALYZER_NONNULL = YES;
				CLANG_ANALYZER_NUMBER_OBJECT_CONVERSION = YES_AGGRESSIVE;
				CLANG_CXX_LANGUAGE_STANDARD = "gnu++17";
				CLANG_CXX_LIBRARY = "libc++";
				CLANG_ENABLE_MODULES = YES;
				CLANG_ENABLE_OBJC_ARC = YES;
				CLANG_ENABLE_OBJC_WEAK = YES;
				CLANG_WARN_BLOCK_CAPTURE_AUTORELEASING = YES;
				CLANG_WARN_BOOL_CONVERSION = YES;
				CLANG_WARN_COMMA = YES;
				CLANG_WARN_CONSTANT_CONVERSION = YES;
				CLANG_WARN_DEPRECATED_OBJC_IMPLEMENTATIONS = YES;
				CLANG_WARN_DIRECT_OBJC_ISA_USAGE = YES_ERROR;
				CLANG_WARN_DOCUMENTATION_COMMENTS = YES;
				CLANG_WARN_EMPTY_BODY = YES;
				CLANG_WARN_ENUM_CONVERSION = YES;
				CLANG_WARN_INFINITE_RECURSION = YES;
				CLANG_WARN_INT_CONVERSION = YES;
				CLANG_WARN_NON_LITERAL_NULL_CONVERSION = YES;
				CLANG_WARN_OBJC_IMPLICIT_RETAIN_SELF = YES;
				CLANG_WARN_OBJC_LITERAL_CONVERSION = YES;
				CLANG_WARN_OBJC_ROOT_CLASS = YES_ERROR;
				CLANG_WARN_QUOTED_INCLUDE_IN_FRAMEWORK_HEADER = YES;
				CLANG_WARN_RANGE_LOOP_ANALYSIS = YES;
				CLANG_WARN_STRICT_PROTOTYPES = YES;
				CLANG_WARN_SUSPICIOUS_MOVE = YES;
				CLANG_WARN_UNGUARDED_AVAILABILITY = YES_AGGRESSIVE;
				CLANG_WARN_UNREACHABLE_CODE = YES;
				CLANG_WARN__DUPLICATE_METHOD_MATCH = YES;
				COPY_PHASE_STRIP = NO;
				DEBUG_INFORMATION_FORMAT = "dwarf-with-dsym";
				ENABLE_NS_ASSERTIONS = NO;
				ENABLE_STRICT_OBJC_MSGSEND = YES;
				GCC_C_LANGUAGE_STANDARD = gnu11;
				GCC_NO_COMMON_BLOCKS = YES;
				GCC_WARN_64_TO_32_BIT_CONVERSION = YES;
				GCC_WARN_ABOUT_RETURN_TYPE = YES_ERROR;
				GCC_WARN_UNDECLARED_SELECTOR = YES;
				GCC_WARN_UNINITIALIZED_AUTOS = YES_AGGRESSIVE;
				GCC_WARN_UNUSED_FUNCTION = YES;
				GCC_WARN_UNUSED_VARIABLE = YES;
				MACOSX_DEPLOYMENT_TARGET = 12.1;
				MTL_ENABLE_DEBUG_INFO = NO;
				MTL_FAST_MATH = YES;
				SDKROOT = macosx;
				SWIFT_COMPILATION_MODE = wholemodule;
				SWIFT_OPTIMIZATION_LEVEL = "-O";
			};
			name = Release;
		};
		297DEAFD27BA726000EC8BB9 /* Debug */ = {
			isa = XCBuildConfiguration;
			buildSettings = {
				ASSETCATALOG_COMPILER_APPICON_NAME = AppIcon;
				ASSETCATALOG_COMPILER_GLOBAL_ACCENT_COLOR_NAME = AccentColor;
				CODE_SIGN_ENTITLEMENTS = Metal_03/Metal_03.entitlements;
				CODE_SIGN_STYLE = Automatic;
				COMBINE_HIDPI_IMAGES = YES;
				CURRENT_PROJECT_VERSION = 1;
				DEVELOPMENT_TEAM = 996SDNB8U9;
				ENABLE_HARDENED_RUNTIME = YES;
				GENERATE_INFOPLIST_FILE = YES;
				INFOPLIST_KEY_NSHumanReadableCopyright = "";
				INFOPLIST_KEY_NSMainStoryboardFile = Main;
				INFOPLIST_KEY_NSPrincipalClass = NSApplication;
				LD_RUNPATH_SEARCH_PATHS = (
					"$(inherited)",
					"@executable_path/../Frameworks",
				);
				MARKETING_VERSION = 1.0;
				PRODUCT_BUNDLE_IDENTIFIER = "HIK-Vision.Metal-03";
				PRODUCT_NAME = "$(TARGET_NAME)";
				SWIFT_EMIT_LOC_STRINGS = YES;
				SWIFT_VERSION = 5.0;
			};
			name = Debug;
		};
		297DEAFE27BA726000EC8BB9 /* Release */ = {
			isa = XCBuildConfiguration;
			buildSettings = {
				ASSETCATALOG_COMPILER_APPICON_NAME = AppIcon;
				ASSETCATALOG_COMPILER_GLOBAL_ACCENT_COLOR_NAME = AccentColor;
				CODE_SIGN_ENTITLEMENTS = Metal_03/Metal_03.entitlements;
				CODE_SIGN_STYLE = Automatic;
				COMBINE_HIDPI_IMAGES = YES;
				CURRENT_PROJECT_VERSION = 1;
				DEVELOPMENT_TEAM = 996SDNB8U9;
				ENABLE_HARDENED_RUNTIME = YES;
				GENERATE_INFOPLIST_FILE = YES;
				INFOPLIST_KEY_NSHumanReadableCopyright = "";
				INFOPLIST_KEY_NSMainStoryboardFile = Main;
				INFOPLIST_KEY_NSPrincipalClass = NSApplication;
				LD_RUNPATH_SEARCH_PATHS = (
					"$(inherited)",
					"@executable_path/../Frameworks",
				);
				MARKETING_VERSION = 1.0;
				PRODUCT_BUNDLE_IDENTIFIER = "HIK-Vision.Metal-03";
				PRODUCT_NAME = "$(TARGET_NAME)";
				SWIFT_EMIT_LOC_STRINGS = YES;
				SWIFT_VERSION = 5.0;
			};
			name = Release;
		};
		297DEB0027BA726000EC8BB9 /* Debug */ = {
			isa = XCBuildConfiguration;
			buildSettings = {
				ALWAYS_EMBED_SWIFT_STANDARD_LIBRARIES = YES;
				BUNDLE_LOADER = "$(TEST_HOST)";
				CODE_SIGN_STYLE = Automatic;
				CURRENT_PROJECT_VERSION = 1;
				DEVELOPMENT_TEAM = 996SDNB8U9;
				GENERATE_INFOPLIST_FILE = YES;
				MACOSX_DEPLOYMENT_TARGET = 12.1;
				MARKETING_VERSION = 1.0;
				PRODUCT_BUNDLE_IDENTIFIER = "HIK-Vision.Metal-03Tests";
				PRODUCT_NAME = "$(TARGET_NAME)";
				SWIFT_EMIT_LOC_STRINGS = NO;
				SWIFT_VERSION = 5.0;
				TEST_HOST = "$(BUILT_PRODUCTS_DIR)/Metal_03.app/Contents/MacOS/Metal_03";
			};
			name = Debug;
		};
		297DEB0127BA726000EC8BB9 /* Release */ = {
			isa = XCBuildConfiguration;
			buildSettings = {
				ALWAYS_EMBED_SWIFT_STANDARD_LIBRARIES = YES;
				BUNDLE_LOADER = "$(TEST_HOST)";
				CODE_SIGN_STYLE = Automatic;
				CURRENT_PROJECT_VERSION = 1;
				DEVELOPMENT_TEAM = 996SDNB8U9;
				GENERATE_INFOPLIST_FILE = YES;
				MACOSX_DEPLOYMENT_TARGET = 12.1;
				MARKETING_VERSION = 1.0;
				PRODUCT_BUNDLE_IDENTIFIER = "HIK-Vision.Metal-03Tests";
				PRODUCT_NAME = "$(TARGET_NAME)";
				SWIFT_EMIT_LOC_STRINGS = NO;
				SWIFT_VERSION = 5.0;
				TEST_HOST = "$(BUILT_PRODUCTS_DIR)/Metal_03.app/Contents/MacOS/Metal_03";
			};
			name = Release;
		};
		297DEB0327BA726000EC8BB9 /* Debug */ = {
			isa = XCBuildConfiguration;
			buildSettings = {
				ALWAYS_EMBED_SWIFT_STANDARD_LIBRARIES = YES;
				CODE_SIGN_STYLE = Automatic;
				CURRENT_PROJECT_VERSION = 1;
				DEVELOPMENT_TEAM = 996SDNB8U9;
				GENERATE_INFOPLIST_FILE = YES;
				MARKETING_VERSION = 1.0;
				PRODUCT_BUNDLE_IDENTIFIER = "HIK-Vision.Metal-03UITests";
				PRODUCT_NAME = "$(TARGET_NAME)";
				SWIFT_EMIT_LOC_STRINGS = NO;
				SWIFT_VERSION = 5.0;
				TEST_TARGET_NAME = Metal_03;
			};
			name = Debug;
		};
		297DEB0427BA726000EC8BB9 /* Release */ = {
			isa = XCBuildConfiguration;
			buildSettings = {
				ALWAYS_EMBED_SWIFT_STANDARD_LIBRARIES = YES;
				CODE_SIGN_STYLE = Automatic;
				CURRENT_PROJECT_VERSION = 1;
				DEVELOPMENT_TEAM = 996SDNB8U9;
				GENERATE_INFOPLIST_FILE = YES;
				MARKETING_VERSION = 1.0;
				PRODUCT_BUNDLE_IDENTIFIER = "HIK-Vision.Metal-03UITests";
				PRODUCT_NAME = "$(TARGET_NAME)";
				SWIFT_EMIT_LOC_STRINGS = NO;
				SWIFT_VERSION = 5.0;
				TEST_TARGET_NAME = Metal_03;
			};
			name = Release;
		};
/* End XCBuildConfiguration section */

/* Begin XCConfigurationList section */
		297DEAD227BA725E00EC8BB9 /* Build configuration list for PBXProject "Metal_03" */ = {
			isa = XCConfigurationList;
			buildConfigurations = (
				297DEAFA27BA726000EC8BB9 /* Debug */,
				297DEAFB27BA726000EC8BB9 /* Release */,
			);
			defaultConfigurationIsVisible = 0;
			defaultConfigurationName = Release;
		};
		297DEAFC27BA726000EC8BB9 /* Build configuration list for PBXNativeTarget "Metal_03" */ = {
			isa = XCConfigurationList;
			buildConfigurations = (
				297DEAFD27BA726000EC8BB9 /* Debug */,
				297DEAFE27BA726000EC8BB9 /* Release */,
			);
			defaultConfigurationIsVisible = 0;
			defaultConfigurationName = Release;
		};
		297DEAFF27BA726000EC8BB9 /* Build configuration list for PBXNativeTarget "Metal_03Tests" */ = {
			isa = XCConfigurationList;
			buildConfigurations = (
				297DEB0027BA726000EC8BB9 /* Debug */,
				297DEB0127BA726000EC8BB9 /* Release */,
			);
			defaultConfigurationIsVisible = 0;
			defaultConfigurationName = Release;
		};
		297DEB0227BA726000EC8BB9 /* Build configuration list for PBXNativeTarget "Metal_03UITests" */ = {
			isa = XCConfigurationList;
			buildConfigurations = (
				297DEB0327BA726000EC8BB9 /* Debug */,
				297DEB0427BA726000EC8BB9 /* Release */,
			);
			defaultConfigurationIsVisible = 0;
			defaultConfigurationName = Release;
		};
/* End XCConfigurationList section */
	};
	rootObject = 297DEACF27BA725E00EC8BB9 /* Project object */;
}
